Microsoft Visual Studio Solution File, Format Version 7.00
Project("{FAE04EC0-301F-11D3-BF4B-00C04F79EFBC}") = "QMsNet", "QMsNet.csproj", "{E4DD99F8-F526-485D-880E-1AD7D6224BF1}"
EndProject
Project("{54435603-DBB4-11D2-8724-00A0C9A8B90C}") = "QMsNetSetup", "QMsNetSetup\QMsNetSetup.vdproj", "{5E764D64-AD2F-4EE3-AF27-940319CEC213}"
EndProject
Project("{8BC9CEB8-8B4A-11D0-8D11-00A0C91BC942}") = "QMsNetResources", "QMsNetResources\QMsNetResources.vcproj", "{CD876F78-C61A-4313-BE83-145C9B8143BD}"
EndProject
Project("{54435603-DBB4-11D2-8724-00A0C9A8B90C}") = "BaseTemplates", "BaseTemplates\BaseTemplates.vdproj", "{96439805-D245-4891-AFD2-15DDA27911EE}"
EndProject
Global
	GlobalSection(SolutionConfiguration) = preSolution
		ConfigName.0 = Debug
		ConfigName.1 = Release
	EndGlobalSection
	GlobalSection(ProjectDependencies) = postSolution
		{5E764D64-AD2F-4EE3-AF27-940319CEC213}.0 = {E4DD99F8-F526-485D-880E-1AD7D6224BF1}
	EndGlobalSection
	GlobalSection(ProjectConfiguration) = postSolution
		{E4DD99F8-F526-485D-880E-1AD7D6224BF1}.Debug.ActiveCfg = Debug|.NET
		{E4DD99F8-F526-485D-880E-1AD7D6224BF1}.Debug.Build.0 = Debug|.NET
		{E4DD99F8-F526-485D-880E-1AD7D6224BF1}.Release.ActiveCfg = Release|.NET
		{E4DD99F8-F526-485D-880E-1AD7D6224BF1}.Release.Build.0 = Release|.NET
		{5E764D64-AD2F-4EE3-AF27-940319CEC213}.Debug.ActiveCfg = Debug
		{5E764D64-AD2F-4EE3-AF27-940319CEC213}.Release.ActiveCfg = Release
		{CD876F78-C61A-4313-BE83-145C9B8143BD}.Debug.ActiveCfg = Debug|Win32
		{CD876F78-C61A-4313-BE83-145C9B8143BD}.Debug.Build.0 = Debug|Win32
		{CD876F78-C61A-4313-BE83-145C9B8143BD}.Release.ActiveCfg = Release|Win32
		{CD876F78-C61A-4313-BE83-145C9B8143BD}.Release.Build.0 = Release|Win32
		{96439805-D245-4891-AFD2-15DDA27911EE}.Debug.ActiveCfg = Debug
		{96439805-D245-4891-AFD2-15DDA27911EE}.Release.ActiveCfg = Release
		{96439805-D245-4891-AFD2-15DDA27911EE}.Release.Build.0 = Release
	EndGlobalSection
	GlobalSection(ExtensibilityGlobals) = postSolution
	EndGlobalSection
	GlobalSection(ExtensibilityAddIns) = postSolution
	EndGlobalSection
EndGlobal
